{
  "name": "no-code",
  "version": "0.0.1",
  "lockfileVersion": 1,
  "requires": true,
  "dependencies": {
    "bluebird": {
      "version": "3.7.2",
      "resolved": "https://registry.npmjs.org/bluebird/-/bluebird-3.7.2.tgz",
      "integrity": "sha512-XpNj6GDQzdfW+r2Wnn7xiSAd7TM3jzkxGXBGTtWKuSXv1xUV+azxAm8jdWZN06QTQk+2N2XB9jRDkvbmQmcRtg=="
    },
    "child_process": {
      "version": "1.0.2"
    },
    "cpu-stat": {
      "version": "2.0.1",
      "resolved": "https://registry.npmjs.org/cpu-stat/-/cpu-stat-2.0.1.tgz",
      "integrity": "sha1-UB6NbdLUTO9dhCk5w40YIsB4/Kw="
    },
    "express": {
      "version": "4.17.1",
      "requires": {
        "accepts": "~1.3.7",
        "array-flatten": "1.1.1",
        "body-parser": "1.19.0",
        "content-disposition": "0.5.3",
        "content-type": "~1.0.4",
        "cookie": "0.4.0",
        "cookie-signature": "1.0.6",
        "debug": "2.6.9",
        "depd": "~1.1.2",
        "encodeurl": "~1.0.2",
        "escape-html": "~1.0.3",
        "etag": "~1.8.1",
        "finalhandler": "~1.1.2",
        "fresh": "0.5.2",
        "merge-descriptors": "1.0.1",
        "methods": "~1.1.2",
        "on-finished": "~2.3.0",
        "parseurl": "~1.3.3",
        "path-to-regexp": "0.1.7",
        "proxy-addr": "~2.0.5",
        "qs": "6.7.0",
        "range-parser": "~1.2.1",
        "safe-buffer": "5.1.2",
        "send": "0.17.1",
        "serve-static": "1.14.1",
        "setprototypeof": "1.1.1",
        "statuses": "~1.5.0",
        "type-is": "~1.6.18",
        "utils-merge": "1.0.1",
        "vary": "~1.1.2"
      }
    },
    "lodash": {
      "version": "4.17.15",
      "resolved": "https://registry.npmjs.org/lodash/-/lodash-4.17.15.tgz",
      "integrity": "sha512-8xOcRHvCjnocdS5cpwXQXVzmmh5e5+saE2QGoeQmbKmRS6J3VQppPOIt0MnmE+4xlZoumy0GPG0D0MVIQbNA1A=="
    },
    "moment": {
      "version": "2.24.0",
      "resolved": "https://registry.npmjs.org/moment/-/moment-2.24.0.tgz",
      "integrity": "sha512-bV7f+6l2QigeBBZSM/6yTNq4P2fNpSWj/0e7jQcy87A8e7o2nAfP/34/2ky5Vw4B9S446EtIhodAzkFCcR4dQg=="
    },
    "moment-duration-format": {
      "version": "2.3.2",
      "resolved": "https://registry.npmjs.org/moment-duration-format/-/moment-duration-format-2.3.2.tgz",
      "integrity": "sha512-cBMXjSW+fjOb4tyaVHuaVE/A5TqkukDWiOfxxAjY+PEqmmBQlLwn+8OzwPiG3brouXKY5Un4pBjAeB6UToXHaQ=="
    },
    "mongoose": {
      "version": "5.7.1",
      "requires": {
        "async": "2.6.2",
        "bson": "~1.1.1",
        "kareem": "2.3.1",
        "mongodb": "3.3.2",
        "mongoose-legacy-pluralize": "1.0.2",
        "mpath": "0.6.0",
        "mquery": "3.2.1",
        "ms": "2.1.2",
        "regexp-clone": "1.0.0",
        "safe-buffer": "5.1.2",
        "sift": "7.0.1",
        "sliced": "1.0.1"
      }
    },
    "ms": {
      "version": "2.1.2",
      "resolved": "https://registry.npmjs.org/ms/-/ms-2.1.2.tgz",
      "integrity": "sha512-sGkPx+VjMtmA6MX27oA4FBFELFCZZ4S4XqeGOXCv68tT+jb3vk/RyaKWP0PTKyWtmLSM0b+adUTEvbs1PEaH2w=="
    },
    "node-fetch": {
      "version": "2.6.0",
      "resolved": "https://registry.npmjs.org/node-fetch/-/node-fetch-2.6.0.tgz",
      "integrity": "sha512-8dG4H5ujfvFiqDmVu9fQ5bOHUC15JMjMY/Zumv26oOvvVJjM67KF8koCWIabKQ1GJIa9r2mMZscBq/TbdOcmNA=="
    },
    "os": {
      "version": "0.1.1",
      "resolved": "https://registry.npmjs.org/os/-/os-0.1.1.tgz",
      "integrity": "sha1-IIhF6J4ZOtTZcUdLk5R3NqVtE/M="
    },
    "psl": {
      "version": "1.7.0",
      "resolved": "https://registry.npmjs.org/psl/-/psl-1.7.0.tgz",
      "integrity": "sha512-5NsSEDv8zY70ScRnOTn7bK7eanl2MvFrOrS/R6x+dBt5g1ghnj9Zv90kO8GwT8gxcu2ANyFprnFYB85IogIJOQ=="
    },
    "punycode": {
      "version": "2.1.1",
      "resolved": "https://registry.npmjs.org/punycode/-/punycode-2.1.1.tgz",
      "integrity": "sha512-XRsRjdf+j5ml+y/6GKHPZbrF/8p2Yga0JPtdqTIY2Xe5ohJPD9saDJJLPvp9+NSBprVvevdXZybnj2cv8OEd0A=="
    },
    "request-promise": {
      "version": "4.2.5",
      "resolved": "https://registry.npmjs.org/request-promise/-/request-promise-4.2.5.tgz",
      "integrity": "sha512-ZgnepCykFdmpq86fKGwqntyTiUrHycALuGggpyCZwMvGaZWgxW6yagT0FHkgo5LzYvOaCNvxYwWYIjevSH1EDg==",
      "requires": {
        "bluebird": "^3.5.0",
        "request-promise-core": "1.1.3",
        "stealthy-require": "^1.1.1",
        "tough-cookie": "^2.3.3"
      }
    },
    "request-promise-core": {
      "version": "1.1.3",
      "resolved": "https://registry.npmjs.org/request-promise-core/-/request-promise-core-1.1.3.tgz",
      "integrity": "sha512-QIs2+ArIGQVp5ZYbWD5ZLCY29D5CfWizP8eWnm8FoGD1TX61veauETVQbrV60662V0oFBkrDOuaBI8XgtuyYAQ==",
      "requires": {
        "lodash": "^4.17.15"
      }
    },
    "stealthy-require": {
      "version": "1.1.1",
      "resolved": "https://registry.npmjs.org/stealthy-require/-/stealthy-require-1.1.1.tgz",
      "integrity": "sha1-NbCYdbT/SfJqd35QmzCQoyJr8ks="
    },
    "tough-cookie": {
      "version": "2.5.0",
      "resolved": "https://registry.npmjs.org/tough-cookie/-/tough-cookie-2.5.0.tgz",
      "integrity": "sha512-nlLsUzgm1kfLXSXfRZMc1KLAugd4hqJHDTvc2hDIwS3mZAfMEuMbc03SujMF+GEcpaX/qboeycw6iO8JwVv2+g==",
      "requires": {
        "psl": "^1.1.28",
        "punycode": "^2.1.1"
      }
    }
  }
}
